
Microsoft Visual Studio Solution File, Format Version 12.00
# Visual Studio 15
VisualStudioVersion = 15.0.27703.2018
MinimumVisualStudioVersion = 10.0.40219.1
Project("{8BC9CEB8-8B4A-11D0-8D11-00A0C91BC942}") = "LearnOpenGL", "LearnOpenGL\LearnOpenGL.vcxproj", "{736773A2-5EB1-4E70-8F8C-14E2C0BFC18F}"
EndProject
Global
	GlobalSection(SolutionConfigurationPlatforms) = preSolution
		Debug|x64 = Debug|x64
		Debug|x86 = Debug|x86
		Release|x64 = Release|x64
		Release|x86 = Release|x86
	EndGlobalSection
	GlobalSection(ProjectConfigurationPlatforms) = postSolution
		{736773A2-5EB1-4E70-8F8C-14E2C0BFC18F}.Debug|x64.ActiveCfg = Debug|x64
		{736773A2-5EB1-4E70-8F8C-14E2C0BFC18F}.Debug|x64.Build.0 = Debug|x64
		{736773A2-5EB1-4E70-8F8C-14E2C0BFC18F}.Debug|x86.ActiveCfg = Debug|Win32
		{736773A2-5EB1-4E70-8F8C-14E2C0BFC18F}.Debug|x86.Build.0 = Debug|Win32
		{736773A2-5EB1-4E70-8F8C-14E2C0BFC18F}.Release|x64.ActiveCfg = Release|x64
		{736773A2-5EB1-4E70-8F8C-14E2C0BFC18F}.Release|x64.Build.0 = Release|x64
		{736773A2-5EB1-4E70-8F8C-14E2C0BFC18F}.Release|x86.ActiveCfg = Release|Win32
		{736773A2-5EB1-4E70-8F8C-14E2C0BFC18F}.Release|x86.Build.0 = Release|Win32
	EndGlobalSection
	GlobalSection(SolutionProperties) = preSolution
		HideSolutionNode = FALSE
	EndGlobalSection
	GlobalSection(ExtensibilityGlobals) = postSolution
		SolutionGuid = {C59FE0F9-DFE0-4FA2-BEB9-64A41DE1F865}
	EndGlobalSection
EndGlobal
